
Microsoft Visual Studio Solution File, Format Version 12.00
# Visual Studio Version 16
VisualStudioVersion = 16.0.30523.141
MinimumVisualStudioVersion = 10.0.40219.1
Project("{FAE04EC0-301F-11D3-BF4B-00C04F79EFBC}") = "TextEdit", "TextEdit\TextEdit.csproj", "{7B97A0B3-CAFB-44B7-ADB3-AE14070F44E4}"
EndProject
Global
	GlobalSection(SolutionConfigurationPlatforms) = preSolution
		Debug|Any CPU = Debug|Any CPU
		Release|Any CPU = Release|Any CPU
	EndGlobalSection
	GlobalSection(ProjectConfigurationPlatforms) = postSolution
		{7B97A0B3-CAFB-44B7-ADB3-AE14070F44E4}.Debug|Any CPU.ActiveCfg = Debug|Any CPU
		{7B97A0B3-CAFB-44B7-ADB3-AE14070F44E4}.Debug|Any CPU.Build.0 = Debug|Any CPU
		{7B97A0B3-CAFB-44B7-ADB3-AE14070F44E4}.Release|Any CPU.ActiveCfg = Release|Any CPU
		{7B97A0B3-CAFB-44B7-ADB3-AE14070F44E4}.Release|Any CPU.Build.0 = Release|Any CPU
	EndGlobalSection
	GlobalSection(SolutionProperties) = preSolution
		HideSolutionNode = FALSE
	EndGlobalSection
	GlobalSection(ExtensibilityGlobals) = postSolution
		SolutionGuid = {78F9E12A-E4EE-47D0-B257-7971E83DA487}
	EndGlobalSection
EndGlobal
